// !$*UTF8*$!
{
	archiveVersion = 1;
	classes = {
	};
	objectVersion = 50;
	objects = {

/* Begin PBXBuildFile section */
		69CE3FED1C94CD9E78565229 /* Pods_BP_DIFR.framework in Frameworks */ = {isa = PBXBuildFile; fileRef = 242BA8119F178D198A2D1677 /* Pods_BP_DIFR.framework */; };
		9C4CB650221B43F5008C4A8B /* AppDelegate.swift in Sources */ = {isa = PBXBuildFile; fileRef = 9C4CB64F221B43F5008C4A8B /* AppDelegate.swift */; };
		9C4CB652221B43F5008C4A8B /* ViewController.swift in Sources */ = {isa = PBXBuildFile; fileRef = 9C4CB651221B43F5008C4A8B /* ViewController.swift */; };
		9C4CB655221B43F5008C4A8B /* Main.storyboard in Resources */ = {isa = PBXBuildFile; fileRef = 9C4CB653221B43F5008C4A8B /* Main.storyboard */; };
		9C4CB657221B43F6008C4A8B /* Assets.xcassets in Resources */ = {isa = PBXBuildFile; fileRef = 9C4CB656221B43F6008C4A8B /* Assets.xcassets */; };
		9C4CB65A221B43F6008C4A8B /* LaunchScreen.storyboard in Resources */ = {isa = PBXBuildFile; fileRef = 9C4CB658221B43F6008C4A8B /* LaunchScreen.storyboard */; };
		9C7FE747221F0E8100557FCD /* Workout.swift in Sources */ = {isa = PBXBuildFile; fileRef = 9C7FE746221F0E8100557FCD /* Workout.swift */; };
		9C7FE749221F0E8A00557FCD /* Exercise.swift in Sources */ = {isa = PBXBuildFile; fileRef = 9C7FE748221F0E8A00557FCD /* Exercise.swift */; };
		9C7FE74C221F139C00557FCD /* ExerciseCategory.swift in Sources */ = {isa = PBXBuildFile; fileRef = 9C7FE74B221F139C00557FCD /* ExerciseCategory.swift */; };
		9C7FE74E221F140000557FCD /* BodyPart.swift in Sources */ = {isa = PBXBuildFile; fileRef = 9C7FE74D221F140000557FCD /* BodyPart.swift */; };
		9C7FE751221F158700557FCD /* WorkoutExercise.swift in Sources */ = {isa = PBXBuildFile; fileRef = 9C7FE750221F158700557FCD /* WorkoutExercise.swift */; };
		9C7FE759221F2F8900557FCD /* TabBarViewController.swift in Sources */ = {isa = PBXBuildFile; fileRef = 9C7FE758221F2F8900557FCD /* TabBarViewController.swift */; };
		9C7FE75D221F350C00557FCD /* ExercisesTableViewController.swift in Sources */ = {isa = PBXBuildFile; fileRef = 9C7FE75C221F350C00557FCD /* ExercisesTableViewController.swift */; };
		9C85FD12221B457C00EDCAFC /* GoogleService-Info.plist in Resources */ = {isa = PBXBuildFile; fileRef = 9C85FD11221B457C00EDCAFC /* GoogleService-Info.plist */; };
		9CCA3AF5221F4D2300DA9B2B /* ExerciseCell.swift in Sources */ = {isa = PBXBuildFile; fileRef = 9CCA3AF4221F4D2300DA9B2B /* ExerciseCell.swift */; };
		9CCA3AF7221F4E0100DA9B2B /* Image.swift in Sources */ = {isa = PBXBuildFile; fileRef = 9CCA3AF6221F4E0100DA9B2B /* Image.swift */; };
/* End PBXBuildFile section */

/* Begin PBXFileReference section */
		242BA8119F178D198A2D1677 /* Pods_BP_DIFR.framework */ = {isa = PBXFileReference; explicitFileType = wrapper.framework; includeInIndex = 0; path = Pods_BP_DIFR.framework; sourceTree = BUILT_PRODUCTS_DIR; };
		51CE0C27D25D48482507C589 /* Pods-BP-DIFR.release.xcconfig */ = {isa = PBXFileReference; includeInIndex = 1; lastKnownFileType = text.xcconfig; name = "Pods-BP-DIFR.release.xcconfig"; path = "Pods/Target Support Files/Pods-BP-DIFR/Pods-BP-DIFR.release.xcconfig"; sourceTree = "<group>"; };
		52A377FCF831CE1CA5F02B45 /* Pods-BP-DIFR.debug.xcconfig */ = {isa = PBXFileReference; includeInIndex = 1; lastKnownFileType = text.xcconfig; name = "Pods-BP-DIFR.debug.xcconfig"; path = "Pods/Target Support Files/Pods-BP-DIFR/Pods-BP-DIFR.debug.xcconfig"; sourceTree = "<group>"; };
		9C4CB64C221B43F5008C4A8B /* BP-DIFR.app */ = {isa = PBXFileReference; explicitFileType = wrapper.application; includeInIndex = 0; path = "BP-DIFR.app"; sourceTree = BUILT_PRODUCTS_DIR; };
		9C4CB64F221B43F5008C4A8B /* AppDelegate.swift */ = {isa = PBXFileReference; lastKnownFileType = sourcecode.swift; path = AppDelegate.swift; sourceTree = "<group>"; };
		9C4CB651221B43F5008C4A8B /* ViewController.swift */ = {isa = PBXFileReference; lastKnownFileType = sourcecode.swift; path = ViewController.swift; sourceTree = "<group>"; };
		9C4CB654221B43F5008C4A8B /* Base */ = {isa = PBXFileReference; lastKnownFileType = file.storyboard; name = Base; path = Base.lproj/Main.storyboard; sourceTree = "<group>"; };
		9C4CB656221B43F6008C4A8B /* Assets.xcassets */ = {isa = PBXFileReference; lastKnownFileType = folder.assetcatalog; path = Assets.xcassets; sourceTree = "<group>"; };
		9C4CB659221B43F6008C4A8B /* Base */ = {isa = PBXFileReference; lastKnownFileType = file.storyboard; name = Base; path = Base.lproj/LaunchScreen.storyboard; sourceTree = "<group>"; };
		9C4CB65B221B43F6008C4A8B /* Info.plist */ = {isa = PBXFileReference; lastKnownFileType = text.plist.xml; path = Info.plist; sourceTree = "<group>"; };
		9C7FE746221F0E8100557FCD /* Workout.swift */ = {isa = PBXFileReference; lastKnownFileType = sourcecode.swift; path = Workout.swift; sourceTree = "<group>"; };
		9C7FE748221F0E8A00557FCD /* Exercise.swift */ = {isa = PBXFileReference; lastKnownFileType = sourcecode.swift; path = Exercise.swift; sourceTree = "<group>"; };
		9C7FE74B221F139C00557FCD /* ExerciseCategory.swift */ = {isa = PBXFileReference; lastKnownFileType = sourcecode.swift; path = ExerciseCategory.swift; sourceTree = "<group>"; };
		9C7FE74D221F140000557FCD /* BodyPart.swift */ = {isa = PBXFileReference; lastKnownFileType = sourcecode.swift; path = BodyPart.swift; sourceTree = "<group>"; };
		9C7FE750221F158700557FCD /* WorkoutExercise.swift */ = {isa = PBXFileReference; lastKnownFileType = sourcecode.swift; path = WorkoutExercise.swift; sourceTree = "<group>"; };
		9C7FE758221F2F8900557FCD /* TabBarViewController.swift */ = {isa = PBXFileReference; lastKnownFileType = sourcecode.swift; path = TabBarViewController.swift; sourceTree = "<group>"; };
		9C7FE75C221F350C00557FCD /* ExercisesTableViewController.swift */ = {isa = PBXFileReference; lastKnownFileType = sourcecode.swift; path = ExercisesTableViewController.swift; sourceTree = "<group>"; };
		9C85FD11221B457C00EDCAFC /* GoogleService-Info.plist */ = {isa = PBXFileReference; fileEncoding = 4; lastKnownFileType = text.plist.xml; path = "GoogleService-Info.plist"; sourceTree = "<group>"; };
		9CCA3AF4221F4D2300DA9B2B /* ExerciseCell.swift */ = {isa = PBXFileReference; lastKnownFileType = sourcecode.swift; path = ExerciseCell.swift; sourceTree = "<group>"; };
		9CCA3AF6221F4E0100DA9B2B /* Image.swift */ = {isa = PBXFileReference; lastKnownFileType = sourcecode.swift; path = Image.swift; sourceTree = "<group>"; };
/* End PBXFileReference section */

/* Begin PBXFrameworksBuildPhase section */
		9C4CB649221B43F5008C4A8B /* Frameworks */ = {
			isa = PBXFrameworksBuildPhase;
			buildActionMask = 2147483647;
			files = (
				69CE3FED1C94CD9E78565229 /* Pods_BP_DIFR.framework in Frameworks */,
			);
			runOnlyForDeploymentPostprocessing = 0;
		};
/* End PBXFrameworksBuildPhase section */

/* Begin PBXGroup section */
		753AF7BEAEDE96F8210DB3B6 /* Pods */ = {
			isa = PBXGroup;
			children = (
				52A377FCF831CE1CA5F02B45 /* Pods-BP-DIFR.debug.xcconfig */,
				51CE0C27D25D48482507C589 /* Pods-BP-DIFR.release.xcconfig */,
			);
			name = Pods;
			sourceTree = "<group>";
		};
		9C413A23221DEB79005A5A7A /* Model */ = {
			isa = PBXGroup;
			children = (
				9C7FE746221F0E8100557FCD /* Workout.swift */,
				9C7FE748221F0E8A00557FCD /* Exercise.swift */,
				9C7FE750221F158700557FCD /* WorkoutExercise.swift */,
				9CCA3AF6221F4E0100DA9B2B /* Image.swift */,
			);
			path = Model;
			sourceTree = "<group>";
		};
		9C413A24221DEB7F005A5A7A /* ViewModel */ = {
			isa = PBXGroup;
			children = (
			);
			path = ViewModel;
			sourceTree = "<group>";
		};
		9C4CB643221B43F5008C4A8B = {
			isa = PBXGroup;
			children = (
				9C4CB64E221B43F5008C4A8B /* BP-DIFR */,
				9C4CB64D221B43F5008C4A8B /* Products */,
				753AF7BEAEDE96F8210DB3B6 /* Pods */,
				D0760407DA001B6D880B66D7 /* Frameworks */,
			);
			sourceTree = "<group>";
		};
		9C4CB64D221B43F5008C4A8B /* Products */ = {
			isa = PBXGroup;
			children = (
				9C4CB64C221B43F5008C4A8B /* BP-DIFR.app */,
			);
			name = Products;
			sourceTree = "<group>";
		};
		9C4CB64E221B43F5008C4A8B /* BP-DIFR */ = {
			isa = PBXGroup;
			children = (
				9C7FE74F221F140500557FCD /* Enum */,
				9C7FE74A221F122600557FCD /* Controller */,
				9C413A24221DEB7F005A5A7A /* ViewModel */,
				9C413A23221DEB79005A5A7A /* Model */,
				9C4CB64F221B43F5008C4A8B /* AppDelegate.swift */,
				9C4CB651221B43F5008C4A8B /* ViewController.swift */,
				9C4CB653221B43F5008C4A8B /* Main.storyboard */,
				9C4CB656221B43F6008C4A8B /* Assets.xcassets */,
				9C85FD11221B457C00EDCAFC /* GoogleService-Info.plist */,
				9C4CB658221B43F6008C4A8B /* LaunchScreen.storyboard */,
				9C4CB65B221B43F6008C4A8B /* Info.plist */,
			);
			path = "BP-DIFR";
			sourceTree = "<group>";
		};
		9C7FE74A221F122600557FCD /* Controller */ = {
			isa = PBXGroup;
			children = (
				9CCA3AF3221F4CFF00DA9B2B /* Cells */,
				9CCA3AF2221F4CF100DA9B2B /* Views */,
			);
			path = Controller;
			sourceTree = "<group>";
		};
		9C7FE74F221F140500557FCD /* Enum */ = {
			isa = PBXGroup;
			children = (
				9C7FE74B221F139C00557FCD /* ExerciseCategory.swift */,
				9C7FE74D221F140000557FCD /* BodyPart.swift */,
			);
			path = Enum;
			sourceTree = "<group>";
		};
		9CCA3AF2221F4CF100DA9B2B /* Views */ = {
			isa = PBXGroup;
			children = (
				9C7FE758221F2F8900557FCD /* TabBarViewController.swift */,
				9C7FE75C221F350C00557FCD /* ExercisesTableViewController.swift */,
			);
			path = Views;
			sourceTree = "<group>";
		};
		9CCA3AF3221F4CFF00DA9B2B /* Cells */ = {
			isa = PBXGroup;
			children = (
				9CCA3AF4221F4D2300DA9B2B /* ExerciseCell.swift */,
			);
			path = Cells;
			sourceTree = "<group>";
		};
		D0760407DA001B6D880B66D7 /* Frameworks */ = {
			isa = PBXGroup;
			children = (
				242BA8119F178D198A2D1677 /* Pods_BP_DIFR.framework */,
			);
			name = Frameworks;
			sourceTree = "<group>";
		};
/* End PBXGroup section */

/* Begin PBXNativeTarget section */
		9C4CB64B221B43F5008C4A8B /* BP-DIFR */ = {
			isa = PBXNativeTarget;
			buildConfigurationList = 9C4CB65E221B43F6008C4A8B /* Build configuration list for PBXNativeTarget "BP-DIFR" */;
			buildPhases = (
				5A067A37664F92D2C6A76793 /* [CP] Check Pods Manifest.lock */,
				9C4CB648221B43F5008C4A8B /* Sources */,
				9C4CB649221B43F5008C4A8B /* Frameworks */,
				9C4CB64A221B43F5008C4A8B /* Resources */,
				AB713E788E8F06482D29F7B5 /* [CP] Embed Pods Frameworks */,
				5EF978E65AF684A704E963FB /* [CP] Copy Pods Resources */,
			);
			buildRules = (
			);
			dependencies = (
			);
			name = "BP-DIFR";
			productName = "BP-DIFR";
			productReference = 9C4CB64C221B43F5008C4A8B /* BP-DIFR.app */;
			productType = "com.apple.product-type.application";
		};
/* End PBXNativeTarget section */

/* Begin PBXProject section */
		9C4CB644221B43F5008C4A8B /* Project object */ = {
			isa = PBXProject;
			attributes = {
				LastSwiftUpdateCheck = 1010;
				LastUpgradeCheck = 1010;
				ORGANIZATIONNAME = jkbjhs;
				TargetAttributes = {
					9C4CB64B221B43F5008C4A8B = {
						CreatedOnToolsVersion = 10.1;
					};
				};
			};
			buildConfigurationList = 9C4CB647221B43F5008C4A8B /* Build configuration list for PBXProject "BP-DIFR" */;
			compatibilityVersion = "Xcode 9.3";
			developmentRegion = en;
			hasScannedForEncodings = 0;
			knownRegions = (
				en,
				Base,
			);
			mainGroup = 9C4CB643221B43F5008C4A8B;
			productRefGroup = 9C4CB64D221B43F5008C4A8B /* Products */;
			projectDirPath = "";
			projectRoot = "";
			targets = (
				9C4CB64B221B43F5008C4A8B /* BP-DIFR */,
			);
		};
/* End PBXProject section */

/* Begin PBXResourcesBuildPhase section */
		9C4CB64A221B43F5008C4A8B /* Resources */ = {
			isa = PBXResourcesBuildPhase;
			buildActionMask = 2147483647;
			files = (
				9C4CB65A221B43F6008C4A8B /* LaunchScreen.storyboard in Resources */,
				9C85FD12221B457C00EDCAFC /* GoogleService-Info.plist in Resources */,
				9C4CB657221B43F6008C4A8B /* Assets.xcassets in Resources */,
				9C4CB655221B43F5008C4A8B /* Main.storyboard in Resources */,
			);
			runOnlyForDeploymentPostprocessing = 0;
		};
/* End PBXResourcesBuildPhase section */

/* Begin PBXShellScriptBuildPhase section */
		5A067A37664F92D2C6A76793 /* [CP] Check Pods Manifest.lock */ = {
			isa = PBXShellScriptBuildPhase;
			buildActionMask = 2147483647;
			files = (
			);
			inputFileListPaths = (
			);
			inputPaths = (
				"${PODS_PODFILE_DIR_PATH}/Podfile.lock",
				"${PODS_ROOT}/Manifest.lock",
			);
			name = "[CP] Check Pods Manifest.lock";
			outputFileListPaths = (
			);
			outputPaths = (
				"$(DERIVED_FILE_DIR)/Pods-BP-DIFR-checkManifestLockResult.txt",
			);
			runOnlyForDeploymentPostprocessing = 0;
			shellPath = /bin/sh;
			shellScript = "diff \"${PODS_PODFILE_DIR_PATH}/Podfile.lock\" \"${PODS_ROOT}/Manifest.lock\" > /dev/null\nif [ $? != 0 ] ; then\n    # print error to STDERR\n    echo \"error: The sandbox is not in sync with the Podfile.lock. Run 'pod install' or update your CocoaPods installation.\" >&2\n    exit 1\nfi\n# This output is used by Xcode 'outputs' to avoid re-running this script phase.\necho \"SUCCESS\" > \"${SCRIPT_OUTPUT_FILE_0}\"\n";
			showEnvVarsInLog = 0;
		};
		5EF978E65AF684A704E963FB /* [CP] Copy Pods Resources */ = {
			isa = PBXShellScriptBuildPhase;
			buildActionMask = 2147483647;
			files = (
			);
			inputFileListPaths = (
			);
			inputPaths = (
				"${SRCROOT}/Pods/Target Support Files/Pods-BP-DIFR/Pods-BP-DIFR-resources.sh",
				"${PODS_CONFIGURATION_BUILD_DIR}/FirebaseUI/FirebaseAuthUI.bundle",
			);
			name = "[CP] Copy Pods Resources";
			outputFileListPaths = (
			);
			outputPaths = (
				"${TARGET_BUILD_DIR}/${UNLOCALIZED_RESOURCES_FOLDER_PATH}/FirebaseAuthUI.bundle",
			);
			runOnlyForDeploymentPostprocessing = 0;
			shellPath = /bin/sh;
			shellScript = "\"${SRCROOT}/Pods/Target Support Files/Pods-BP-DIFR/Pods-BP-DIFR-resources.sh\"\n";
			showEnvVarsInLog = 0;
		};
		AB713E788E8F06482D29F7B5 /* [CP] Embed Pods Frameworks */ = {
			isa = PBXShellScriptBuildPhase;
			buildActionMask = 2147483647;
			files = (
			);
			inputFileListPaths = (
			);
			inputPaths = (
				"${SRCROOT}/Pods/Target Support Files/Pods-BP-DIFR/Pods-BP-DIFR-frameworks.sh",
				"${BUILT_PRODUCTS_DIR}/FoldingCell/FoldingCell.framework",
				"${BUILT_PRODUCTS_DIR}/GTMSessionFetcher/GTMSessionFetcher.framework",
				"${BUILT_PRODUCTS_DIR}/GoogleUtilities/GoogleUtilities.framework",
				"${BUILT_PRODUCTS_DIR}/RAMAnimatedTabBarController/RAMAnimatedTabBarController.framework",
				"${BUILT_PRODUCTS_DIR}/SwiftyJSON/SwiftyJSON.framework",
				"${BUILT_PRODUCTS_DIR}/nanopb/nanopb.framework",
			);
			name = "[CP] Embed Pods Frameworks";
			outputFileListPaths = (
			);
			outputPaths = (
				"${TARGET_BUILD_DIR}/${FRAMEWORKS_FOLDER_PATH}/FoldingCell.framework",
				"${TARGET_BUILD_DIR}/${FRAMEWORKS_FOLDER_PATH}/GTMSessionFetcher.framework",
				"${TARGET_BUILD_DIR}/${FRAMEWORKS_FOLDER_PATH}/GoogleUtilities.framework",
				"${TARGET_BUILD_DIR}/${FRAMEWORKS_FOLDER_PATH}/RAMAnimatedTabBarController.framework",
				"${TARGET_BUILD_DIR}/${FRAMEWORKS_FOLDER_PATH}/SwiftyJSON.framework",
				"${TARGET_BUILD_DIR}/${FRAMEWORKS_FOLDER_PATH}/nanopb.framework",
			);
			runOnlyForDeploymentPostprocessing = 0;
			shellPath = /bin/sh;
			shellScript = "\"${SRCROOT}/Pods/Target Support Files/Pods-BP-DIFR/Pods-BP-DIFR-frameworks.sh\"\n";
			showEnvVarsInLog = 0;
		};
/* End PBXShellScriptBuildPhase section */

/* Begin PBXSourcesBuildPhase section */
		9C4CB648221B43F5008C4A8B /* Sources */ = {
			isa = PBXSourcesBuildPhase;
			buildActionMask = 2147483647;
			files = (
				9C7FE759221F2F8900557FCD /* TabBarViewController.swift in Sources */,
				9C4CB652221B43F5008C4A8B /* ViewController.swift in Sources */,
				9C7FE749221F0E8A00557FCD /* Exercise.swift in Sources */,
				9CCA3AF5221F4D2300DA9B2B /* ExerciseCell.swift in Sources */,
				9C7FE75D221F350C00557FCD /* ExercisesTableViewController.swift in Sources */,
				9C4CB650221B43F5008C4A8B /* AppDelegate.swift in Sources */,
				9C7FE751221F158700557FCD /* WorkoutExercise.swift in Sources */,
				9C7FE747221F0E8100557FCD /* Workout.swift in Sources */,
				9C7FE74E221F140000557FCD /* BodyPart.swift in Sources */,
				9CCA3AF7221F4E0100DA9B2B /* Image.swift in Sources */,
				9C7FE74C221F139C00557FCD /* ExerciseCategory.swift in Sources */,
			);
			runOnlyForDeploymentPostprocessing = 0;
		};
/* End PBXSourcesBuildPhase section */

/* Begin PBXVariantGroup section */
		9C4CB653221B43F5008C4A8B /* Main.storyboard */ = {
			isa = PBXVariantGroup;
			children = (
				9C4CB654221B43F5008C4A8B /* Base */,
			);
			name = Main.storyboard;
			sourceTree = "<group>";
		};
		9C4CB658221B43F6008C4A8B /* LaunchScreen.storyboard */ = {
			isa = PBXVariantGroup;
			children = (
				9C4CB659221B43F6008C4A8B /* Base */,
			);
			name = LaunchScreen.storyboard;
			sourceTree = "<group>";
		};
/* End PBXVariantGroup section */

/* Begin XCBuildConfiguration section */
		9C4CB65C221B43F6008C4A8B /* Debug */ = {
			isa = XCBuildConfiguration;
			buildSettings = {
				ALWAYS_SEARCH_USER_PATHS = NO;
				CLANG_ANALYZER_NONNULL = YES;
				CLANG_ANALYZER_NUMBER_OBJECT_CONVERSION = YES_AGGRESSIVE;
				CLANG_CXX_LANGUAGE_STANDARD = "gnu++14";
				CLANG_CXX_LIBRARY = "libc++";
				CLANG_ENABLE_MODULES = YES;
				CLANG_ENABLE_OBJC_ARC = YES;
				CLANG_ENABLE_OBJC_WEAK = YES;
				CLANG_WARN_BLOCK_CAPTURE_AUTORELEASING = YES;
				CLANG_WARN_BOOL_CONVERSION = YES;
				CLANG_WARN_COMMA = YES;
				CLANG_WARN_CONSTANT_CONVERSION = YES;
				CLANG_WARN_DEPRECATED_OBJC_IMPLEMENTATIONS = YES;
				CLANG_WARN_DIRECT_OBJC_ISA_USAGE = YES_ERROR;
				CLANG_WARN_DOCUMENTATION_COMMENTS = YES;
				CLANG_WARN_EMPTY_BODY = YES;
				CLANG_WARN_ENUM_CONVERSION = YES;
				CLANG_WARN_INFINITE_RECURSION = YES;
				CLANG_WARN_INT_CONVERSION = YES;
				CLANG_WARN_NON_LITERAL_NULL_CONVERSION = YES;
				CLANG_WARN_OBJC_IMPLICIT_RETAIN_SELF = YES;
				CLANG_WARN_OBJC_LITERAL_CONVERSION = YES;
				CLANG_WARN_OBJC_ROOT_CLASS = YES_ERROR;
				CLANG_WARN_RANGE_LOOP_ANALYSIS = YES;
				CLANG_WARN_STRICT_PROTOTYPES = YES;
				CLANG_WARN_SUSPICIOUS_MOVE = YES;
				CLANG_WARN_UNGUARDED_AVAILABILITY = YES_AGGRESSIVE;
				CLANG_WARN_UNREACHABLE_CODE = YES;
				CLANG_WARN__DUPLICATE_METHOD_MATCH = YES;
				CODE_SIGN_IDENTITY = "iPhone Developer";
				COPY_PHASE_STRIP = NO;
				DEBUG_INFORMATION_FORMAT = dwarf;
				ENABLE_STRICT_OBJC_MSGSEND = YES;
				ENABLE_TESTABILITY = YES;
				GCC_C_LANGUAGE_STANDARD = gnu11;
				GCC_DYNAMIC_NO_PIC = NO;
				GCC_NO_COMMON_BLOCKS = YES;
				GCC_OPTIMIZATION_LEVEL = 0;
				GCC_PREPROCESSOR_DEFINITIONS = (
					"DEBUG=1",
					"$(inherited)",
				);
				GCC_WARN_64_TO_32_BIT_CONVERSION = YES;
				GCC_WARN_ABOUT_RETURN_TYPE = YES_ERROR;
				GCC_WARN_UNDECLARED_SELECTOR = YES;
				GCC_WARN_UNINITIALIZED_AUTOS = YES_AGGRESSIVE;
				GCC_WARN_UNUSED_FUNCTION = YES;
				GCC_WARN_UNUSED_VARIABLE = YES;
				IPHONEOS_DEPLOYMENT_TARGET = 12.1;
				MTL_ENABLE_DEBUG_INFO = INCLUDE_SOURCE;
				MTL_FAST_MATH = YES;
				ONLY_ACTIVE_ARCH = YES;
				SDKROOT = iphoneos;
				SWIFT_ACTIVE_COMPILATION_CONDITIONS = DEBUG;
				SWIFT_OPTIMIZATION_LEVEL = "-Onone";
			};
			name = Debug;
		};
		9C4CB65D221B43F6008C4A8B /* Release */ = {
			isa = XCBuildConfiguration;
			buildSettings = {
				ALWAYS_SEARCH_USER_PATHS = NO;
				CLANG_ANALYZER_NONNULL = YES;
				CLANG_ANALYZER_NUMBER_OBJECT_CONVERSION = YES_AGGRESSIVE;
				CLANG_CXX_LANGUAGE_STANDARD = "gnu++14";
				CLANG_CXX_LIBRARY = "libc++";
				CLANG_ENABLE_MODULES = YES;
				CLANG_ENABLE_OBJC_ARC = YES;
				CLANG_ENABLE_OBJC_WEAK = YES;
				CLANG_WARN_BLOCK_CAPTURE_AUTORELEASING = YES;
				CLANG_WARN_BOOL_CONVERSION = YES;
				CLANG_WARN_COMMA = YES;
				CLANG_WARN_CONSTANT_CONVERSION = YES;
				CLANG_WARN_DEPRECATED_OBJC_IMPLEMENTATIONS = YES;
				CLANG_WARN_DIRECT_OBJC_ISA_USAGE = YES_ERROR;
				CLANG_WARN_DOCUMENTATION_COMMENTS = YES;
				CLANG_WARN_EMPTY_BODY = YES;
				CLANG_WARN_ENUM_CONVERSION = YES;
				CLANG_WARN_INFINITE_RECURSION = YES;
				CLANG_WARN_INT_CONVERSION = YES;
				CLANG_WARN_NON_LITERAL_NULL_CONVERSION = YES;
				CLANG_WARN_OBJC_IMPLICIT_RETAIN_SELF = YES;
				CLANG_WARN_OBJC_LITERAL_CONVERSION = YES;
				CLANG_WARN_OBJC_ROOT_CLASS = YES_ERROR;
				CLANG_WARN_RANGE_LOOP_ANALYSIS = YES;
				CLANG_WARN_STRICT_PROTOTYPES = YES;
				CLANG_WARN_SUSPICIOUS_MOVE = YES;
				CLANG_WARN_UNGUARDED_AVAILABILITY = YES_AGGRESSIVE;
				CLANG_WARN_UNREACHABLE_CODE = YES;
				CLANG_WARN__DUPLICATE_METHOD_MATCH = YES;
				CODE_SIGN_IDENTITY = "iPhone Developer";
				COPY_PHASE_STRIP = NO;
				DEBUG_INFORMATION_FORMAT = "dwarf-with-dsym";
				ENABLE_NS_ASSERTIONS = NO;
				ENABLE_STRICT_OBJC_MSGSEND = YES;
				GCC_C_LANGUAGE_STANDARD = gnu11;
				GCC_NO_COMMON_BLOCKS = YES;
				GCC_WARN_64_TO_32_BIT_CONVERSION = YES;
				GCC_WARN_ABOUT_RETURN_TYPE = YES_ERROR;
				GCC_WARN_UNDECLARED_SELECTOR = YES;
				GCC_WARN_UNINITIALIZED_AUTOS = YES_AGGRESSIVE;
				GCC_WARN_UNUSED_FUNCTION = YES;
				GCC_WARN_UNUSED_VARIABLE = YES;
				IPHONEOS_DEPLOYMENT_TARGET = 12.1;
				MTL_ENABLE_DEBUG_INFO = NO;
				MTL_FAST_MATH = YES;
				SDKROOT = iphoneos;
				SWIFT_COMPILATION_MODE = wholemodule;
				SWIFT_OPTIMIZATION_LEVEL = "-O";
				VALIDATE_PRODUCT = YES;
			};
			name = Release;
		};
		9C4CB65F221B43F6008C4A8B /* Debug */ = {
			isa = XCBuildConfiguration;
			baseConfigurationReference = 52A377FCF831CE1CA5F02B45 /* Pods-BP-DIFR.debug.xcconfig */;
			buildSettings = {
				ASSETCATALOG_COMPILER_APPICON_NAME = AppIcon;
				CODE_SIGN_STYLE = Automatic;
				DEVELOPMENT_TEAM = 34V4L3C2GB;
				INFOPLIST_FILE = "BP-DIFR/Info.plist";
				LD_RUNPATH_SEARCH_PATHS = (
					"$(inherited)",
					"@executable_path/Frameworks",
				);
				PRODUCT_BUNDLE_IDENTIFIER = "com.juhas.BP-DIFR";
				PRODUCT_NAME = "$(TARGET_NAME)";
				SWIFT_VERSION = 4.2;
				TARGETED_DEVICE_FAMILY = "1,2";
			};
			name = Debug;
		};
		9C4CB660221B43F6008C4A8B /* Release */ = {
			isa = XCBuildConfiguration;
			baseConfigurationReference = 51CE0C27D25D48482507C589 /* Pods-BP-DIFR.release.xcconfig */;
			buildSettings = {
				ASSETCATALOG_COMPILER_APPICON_NAME = AppIcon;
				CODE_SIGN_STYLE = Automatic;
				DEVELOPMENT_TEAM = 34V4L3C2GB;
				INFOPLIST_FILE = "BP-DIFR/Info.plist";
				LD_RUNPATH_SEARCH_PATHS = (
					"$(inherited)",
					"@executable_path/Frameworks",
				);
				PRODUCT_BUNDLE_IDENTIFIER = "com.juhas.BP-DIFR";
				PRODUCT_NAME = "$(TARGET_NAME)";
				SWIFT_VERSION = 4.2;
				TARGETED_DEVICE_FAMILY = "1,2";
			};
			name = Release;
		};
/* End XCBuildConfiguration section */

/* Begin XCConfigurationList section */
		9C4CB647221B43F5008C4A8B /* Build configuration list for PBXProject "BP-DIFR" */ = {
			isa = XCConfigurationList;
			buildConfigurations = (
				9C4CB65C221B43F6008C4A8B /* Debug */,
				9C4CB65D221B43F6008C4A8B /* Release */,
			);
			defaultConfigurationIsVisible = 0;
			defaultConfigurationName = Release;
		};
		9C4CB65E221B43F6008C4A8B /* Build configuration list for PBXNativeTarget "BP-DIFR" */ = {
			isa = XCConfigurationList;
			buildConfigurations = (
				9C4CB65F221B43F6008C4A8B /* Debug */,
				9C4CB660221B43F6008C4A8B /* Release */,
			);
			defaultConfigurationIsVisible = 0;
			defaultConfigurationName = Release;
		};
/* End XCConfigurationList section */
	};
	rootObject = 9C4CB644221B43F5008C4A8B /* Project object */;
}
